Microsoft Visual Studio Solution File, Format Version 12.00
# Visual Studio Version 17
VisualStudioVersion = 17.9.34622.214
MinimumVisualStudioVersion = 10.0.40219.1
Project("{FAE04EC0-301F-11D3-BF4B-00C04F79EFBC}") = "server", "server\server.csproj", "{80CF98A2-C2E7-4C26-B62B-0BE74A525230}"
EndProject
Project("{54A90642-561A-4BB1-A94E-469ADEE60C69}") = "client", "client\client.esproj", "{4A8F628B-BBFD-48DB-9DF4-61442FB2FD8B}"
EndProject
Global
	GlobalSection(SolutionConfigurationPlatforms) = preSolution
		Debug|Any CPU = Debug|Any CPU
		Release|Any CPU = Release|Any CPU
	EndGlobalSection
	GlobalSection(ProjectConfigurationPlatforms) = postSolution
		{80CF98A2-C2E7-4C26-B62B-0BE74A525230}.Debug|Any CPU.ActiveCfg = Debug|Any CPU
		{80CF98A2-C2E7-4C26-B62B-0BE74A525230}.Debug|Any CPU.Build.0 = Debug|Any CPU
		{80CF98A2-C2E7-4C26-B62B-0BE74A525230}.Release|Any CPU.ActiveCfg = Release|Any CPU
		{80CF98A2-C2E7-4C26-B62B-0BE74A525230}.Release|Any CPU.Build.0 = Release|Any CPU
		{4A8F628B-BBFD-48DB-9DF4-61442FB2FD8B}.Debug|Any CPU.ActiveCfg = Debug|Any CPU
		{4A8F628B-BBFD-48DB-9DF4-61442FB2FD8B}.Debug|Any CPU.Build.0 = Debug|Any CPU
		{4A8F628B-BBFD-48DB-9DF4-61442FB2FD8B}.Debug|Any CPU.Deploy.0 = Debug|Any CPU
		{4A8F628B-BBFD-48DB-9DF4-61442FB2FD8B}.Release|Any CPU.ActiveCfg = Release|Any CPU
		{4A8F628B-BBFD-48DB-9DF4-61442FB2FD8B}.Release|Any CPU.Build.0 = Release|Any CPU
		{4A8F628B-BBFD-48DB-9DF4-61442FB2FD8B}.Release|Any CPU.Deploy.0 = Release|Any CPU
	EndGlobalSection
	GlobalSection(SolutionProperties) = preSolution
		HideSolutionNode = FALSE
	EndGlobalSection
	GlobalSection(ExtensibilityGlobals) = postSolution
		SolutionGuid = {00A8304E-6C24-43B0-AB95-AEEAC3F1A9F1}
	EndGlobalSection
EndGlobal
